
Microsoft Visual Studio Solution File, Format Version 12.00
# Visual Studio Version 17
VisualStudioVersion = 17.7.34031.279
MinimumVisualStudioVersion = 10.0.40219.1
Project("{FAE04EC0-301F-11D3-BF4B-00C04F79EFBC}") = "Proiect_Clinica", "Proiect_Clinica.csproj", "{D078781C-8480-41BB-9656-9FEFBDB7DAF5}"
EndProject
Global
	GlobalSection(SolutionConfigurationPlatforms) = preSolution
		Debug|Any CPU = Debug|Any CPU
		Release|Any CPU = Release|Any CPU
	EndGlobalSection
	GlobalSection(ProjectConfigurationPlatforms) = postSolution
		{D078781C-8480-41BB-9656-9FEFBDB7DAF5}.Debug|Any CPU.ActiveCfg = Debug|Any CPU
		{D078781C-8480-41BB-9656-9FEFBDB7DAF5}.Debug|Any CPU.Build.0 = Debug|Any CPU
		{D078781C-8480-41BB-9656-9FEFBDB7DAF5}.Release|Any CPU.ActiveCfg = Release|Any CPU
		{D078781C-8480-41BB-9656-9FEFBDB7DAF5}.Release|Any CPU.Build.0 = Release|Any CPU
	EndGlobalSection
	GlobalSection(SolutionProperties) = preSolution
		HideSolutionNode = FALSE
	EndGlobalSection
	GlobalSection(ExtensibilityGlobals) = postSolution
		SolutionGuid = {5FB70FFD-8E99-4F67-BD44-25D46BFE9069}
	EndGlobalSection
EndGlobal
